{
  "originHash" : "f10292ccc7fbed5c36080653ebab76fab704d260052e183241811afe07261b63",
  "pins" : [
    {
      "identity" : "lightbox",
      "kind" : "remoteSourceControl",
      "location" : "https://github.com/hyperoslo/Lightbox.git",
      "state" : {
        "revision" : "398ee143f00bfc070023c155e6d088ffb399c8cb",
        "version" : "2.5.1"
      }
    }
  ],
  "version" : 3
}
